
Microsoft Visual Studio Solution File, Format Version 12.00
# Visual Studio Version 16
VisualStudioVersion = 16.0.31019.35
MinimumVisualStudioVersion = 10.0.40219.1
Project("{FAE04EC0-301F-11D3-BF4B-00C04F79EFBC}") = "RouteEstimatorApi", "RouteEstimatorApi.csproj", "{B21687CB-5544-44F7-87DA-842A547E0F73}"
EndProject
Project("{FAE04EC0-301F-11D3-BF4B-00C04F79EFBC}") = "RouteEstimatorService", "..\RouteEstimatorService\RouteEstimatorService.csproj", "{93A5C9C3-7F96-4D43-B6DD-3B5A5E750BF0}"
EndProject
Global
	GlobalSection(SolutionConfigurationPlatforms) = preSolution
		Debug|Any CPU = Debug|Any CPU
		Release|Any CPU = Release|Any CPU
	EndGlobalSection
	GlobalSection(ProjectConfigurationPlatforms) = postSolution
		{B21687CB-5544-44F7-87DA-842A547E0F73}.Debug|Any CPU.ActiveCfg = Debug|Any CPU
		{B21687CB-5544-44F7-87DA-842A547E0F73}.Debug|Any CPU.Build.0 = Debug|Any CPU
		{B21687CB-5544-44F7-87DA-842A547E0F73}.Release|Any CPU.ActiveCfg = Release|Any CPU
		{B21687CB-5544-44F7-87DA-842A547E0F73}.Release|Any CPU.Build.0 = Release|Any CPU
		{93A5C9C3-7F96-4D43-B6DD-3B5A5E750BF0}.Debug|Any CPU.ActiveCfg = Debug|Any CPU
		{93A5C9C3-7F96-4D43-B6DD-3B5A5E750BF0}.Debug|Any CPU.Build.0 = Debug|Any CPU
		{93A5C9C3-7F96-4D43-B6DD-3B5A5E750BF0}.Release|Any CPU.ActiveCfg = Release|Any CPU
		{93A5C9C3-7F96-4D43-B6DD-3B5A5E750BF0}.Release|Any CPU.Build.0 = Release|Any CPU
	EndGlobalSection
	GlobalSection(SolutionProperties) = preSolution
		HideSolutionNode = FALSE
	EndGlobalSection
	GlobalSection(ExtensibilityGlobals) = postSolution
		SolutionGuid = {CF51D172-2C02-46C0-A8AA-7FE9DAC03D30}
	EndGlobalSection
EndGlobal
